{"is_source_file": false, "format": "", "description": "", "external_files": [], "external_methods": [], "published": [], "classes": [], "methods": [], "calls": [], "search-terms": [], "state": 2, "file_id": 9, "knowledge_revision": 19, "git_revision": "3c84b1cee5c409a3e1f9405f2d008e3288e3c24c", "hash": "e9b4c3b42cef0193b7fddb548d37e652", "format-version": 4, "code-base-name": "sp500_stock_evaluator_frontend", "filename": "sp500_stock_evaluator_frontend/post_process_status.lock", "revision_history": [{"19": "3c84b1cee5c409a3e1f9405f2d008e3288e3c24c"}]}